PODS:
  - Alamofire (5.10.2)
  - Bugly (2.6.1)
  - CocoaLumberjack (3.9.0):
    - CocoaLumberjack/Core (= 3.9.0)
  - CocoaLumberjack/Core (3.9.0)
  - CocoaLumberjack/Swift (3.9.0):
    - CocoaLumberjack/Core
  - CocoaMQTT (2.1.6):
    - CocoaMQTT/Core (= 2.1.6)
  - CocoaMQTT/Core (2.1.6):
    - MqttCocoaAsyncSocket (~> 1.0.8)
  - lottie-ios (4.5.2)
  - ModuleBootstrap (0.1.0):
    - ModuleHome
    - ModuleLogin
    - ModuleMap
    - ModuleMessage
    - ModulePersonal
    - SWKit
    - SWNetwork
    - SWTheme
  - ModuleHome (0.1.0):
    - ModuleMap
    - ModulePersonal
    - SnapKit
    - SWKit
    - SWNetwork
    - SWTheme
    - TXKit
    - TXRouterKit
  - ModuleLogin (1.0.0):
    - SnapKit
    - SWKit
    - SWNetwork
    - SWTheme
    - TXKit
    - TXRouterKit
  - ModuleMap (0.1.0):
    - SDWebImage
    - SnapKit
    - SWKit
    - SWNetwork
    - SWTheme
    - TXKit
    - TXRouterKit
    - WCDB.swift
  - ModuleMessage (0.1.0):
    - SDWebImage
    - SnapKit
    - SWKit
    - SWNetwork
    - SWTheme
    - TXKit
    - TXRouterKit
    - WCDB.swift
  - ModulePersonal (0.1.0):
    - lottie-ios
    - ModuleLogin
    - SDWebImage
    - SnapKit
    - SWKit
    - SWNetwork
    - SWTheme
    - TXKit
    - TXRouterKit
  - ModuleTeam (0.1.0):
    - ModuleMap
    - ModulePersonal
    - SDWebImage
    - SnapKit
    - SWKit
    - SWNetwork
    - SWTheme
    - TXKit
    - TXRouterKit
    - WCDB.swift
  - Moya (15.0.0):
    - Moya/Core (= 15.0.0)
  - Moya/Combine (15.0.0):
    - Moya/Core
  - Moya/Core (15.0.0):
    - Alamofire (~> 5.0)
  - MqttCocoaAsyncSocket (1.0.8)
  - SDWebImage (5.21.5):
    - SDWebImage/Core (= 5.21.5)
  - SDWebImage/Core (5.21.5)
  - SnapKit (5.7.1)
  - SWKit (0.1.0):
    - CocoaLumberjack
    - Moya
    - SnapKit
    - SWNetwork
    - SWTheme
    - TXCacheKit
    - TXKit
    - WCDB.swift
  - SWNetwork (0.1.0):
    - CocoaMQTT
    - Moya
  - SWTheme (0.1.0):
    - TXKit
  - TXCacheKit (0.1.0)
  - TXKit (0.1.0):
    - TXRouterKit
  - TXRouterKit (0.1.0)
  - WCDB.swift (2.1.15):
    - WCDBOptimizedSQLCipher (= 1.4.8)
  - WCDBOptimizedSQLCipher (1.4.8)

DEPENDENCIES:
  - Bugly
  - CocoaLumberjack/Swift
  - CocoaMQTT
  - lottie-ios
  - ModuleBootstrap (from `./skyward/Modules/Features/ModuleBootstrap`)
  - ModuleHome (from `./skyward/Modules/Features/ModuleHome`)
  - ModuleLogin (from `./skyward/Modules/Features/ModuleLogin`)
  - ModuleMap (from `./skyward/Modules/Features/ModuleMap`)
  - ModuleMessage (from `./skyward/Modules/Features/ModuleMessage`)
  - ModulePersonal (from `./skyward/Modules/Features/ModulePersonal`)
  - ModuleTeam (from `./skyward/Modules/Features/ModuleTeam`)
  - Moya (~> 15.0)
  - Moya/Combine
  - SDWebImage (~> 5.0)
  - SWKit (from `./skyward/Modules/Common/SWKit`)
  - SWNetwork (from `./skyward/Modules/Common/SWNetwork`)
  - SWTheme (from `./skyward/Modules/Common/SWTheme`)
  - TXCacheKit (from `./skyward/Modules/Base/TXCacheKit`)
  - TXKit (from `./skyward/Modules/Base/TXKit`)
  - TXRouterKit (from `./skyward/Modules/Base/TXRouterKit`)
  - WCDB.swift

SPEC REPOS:
  trunk:
    - Alamofire
    - Bugly
    - CocoaLumberjack
    - CocoaMQTT
    - lottie-ios
    - Moya
    - MqttCocoaAsyncSocket
    - SDWebImage
    - SnapKit
    - WCDB.swift
    - WCDBOptimizedSQLCipher

EXTERNAL SOURCES:
  ModuleBootstrap:
    :path: "./skyward/Modules/Features/ModuleBootstrap"
  ModuleHome:
    :path: "./skyward/Modules/Features/ModuleHome"
  ModuleLogin:
    :path: "./skyward/Modules/Features/ModuleLogin"
  ModuleMap:
    :path: "./skyward/Modules/Features/ModuleMap"
  ModuleMessage:
    :path: "./skyward/Modules/Features/ModuleMessage"
  ModulePersonal:
    :path: "./skyward/Modules/Features/ModulePersonal"
  ModuleTeam:
    :path: "./skyward/Modules/Features/ModuleTeam"
  SWKit:
    :path: "./skyward/Modules/Common/SWKit"
  SWNetwork:
    :path: "./skyward/Modules/Common/SWNetwork"
  SWTheme:
    :path: "./skyward/Modules/Common/SWTheme"
  TXCacheKit:
    :path: "./skyward/Modules/Base/TXCacheKit"
  TXKit:
    :path: "./skyward/Modules/Base/TXKit"
  TXRouterKit:
    :path: "./skyward/Modules/Base/TXRouterKit"

SPEC CHECKSUMS:
  Alamofire: 7193b3b92c74a07f85569e1a6c4f4237291e7496
  Bugly: 217ac2ce5f0f2626d43dbaa4f70764c953a26a31
  CocoaLumberjack: 5644158777912b7de7469fa881f8a3f259c2512a
  CocoaMQTT: 1f206228b29318eabdacad0c2e4e88575922c27a
  lottie-ios: 96784afc26ea031d3e2b6cae342a4b8915072489
  ModuleBootstrap: 845c31e2491e692d78bc50324c71f64af098ebf5
  ModuleHome: 4c37539c2a051a80d4f9e52479f0c079ca766f0f
  ModuleLogin: 0a1f25c67f21d1d63040ff033251c91e79bf370d
  ModuleMap: a4b20f4035f0ba9d5a8e405c7b3f5edaa4060d21
  ModuleMessage: aea3d5982d9ec62127a140484fe75bf74ca613ec
  ModulePersonal: 24b236ef267ab7effc57d14e152deccb7a4e982c
  ModuleTeam: 12b8bdece3cdbcb7b46d3cdfcd68886d50d5d070
  Moya: 138f0573e53411fb3dc17016add0b748dfbd78ee
  MqttCocoaAsyncSocket: 77d3b74f76228dd5a05d1f9526eab101d415b30c
  SDWebImage: e9c98383c7572d713c1a0d7dd2783b10599b9838
  SnapKit: d612e99e678a2d3b95bf60b0705ed0a35c03484a
  SWKit: 091bf39c1bf7ff5244f1c9f1aedc42871553d613
  SWNetwork: da7cf1b30c82c2a5caca9d8874f8da70337654b1
  SWTheme: fef9e4b842b3b6de90e358a93aaa416ac7ea96e3
  TXCacheKit: 943025578393e60e4e4dde7ce93de9dc17e1f171
  TXKit: 98e7d11434bc23f4ff66b64636bebaf6ad6dfffc
  TXRouterKit: 7206ea9db726db0c8e98fa7d6e431370f21a6391
  WCDB.swift: cc8c9ba279270f8609f87bb2245435e958354558
  WCDBOptimizedSQLCipher: 871994f7f620302fdf87a2729c099a1efa2223da

PODFILE CHECKSUM: 1030ab0d8e73f74895876e04b90973ca788303fd

COCOAPODS: 1.16.2
